PODS:
  - Flutter (1.0.0)
  - path_provider_foundation (0.0.1):
    - Flutter
    - FlutterMacOS
  - truv_flutter (1.0.0):
    - Flutter
    - TruvSDK (= 1.9.0)
  - TruvSDK (1.9.0)

DEPENDENCIES:
  - Flutter (from `Flutter`)
  - path_provider_foundation (from `.symlinks/plugins/path_provider_foundation/darwin`)
  - truv_flutter (from `.symlinks/plugins/truv_flutter/ios`)

SPEC REPOS:
  trunk:
    - TruvSDK

EXTERNAL SOURCES:
  Flutter:
    :path: Flutter
  path_provider_foundation:
    :path: ".symlinks/plugins/path_provider_foundation/darwin"
  truv_flutter:
    :path: ".symlinks/plugins/truv_flutter/ios"

SPEC CHECKSUMS:
  Flutter: cabc95a1d2626b1b06e7179b784ebcf0c0cde467
  path_provider_foundation: 0b743cbb62d8e47eab856f09262bb8c1ddcfe6ba
  truv_flutter: 70533b6374006b6acbbd0e664b9f371a03d13ff3
  TruvSDK: 5a89612ec217bc628574af3a6eb17c17ec2d3234

PODFILE CHECKSUM: 1efa8702e3c56755e99df3bdd633b3efc1f27133

COCOAPODS: 1.16.2
