PODS:
  - Flutter (1.0.0)
  - path_provider_foundation (0.0.1):
    - Flutter
    - FlutterMacOS
  - truv_flutter (1.0.0):
    - Flutter
    - TruvSDK (= 1.11.0)
  - TruvSDK (1.11.0)

DEPENDENCIES:
  - Flutter (from `Flutter`)
  - path_provider_foundation (from `.symlinks/plugins/path_provider_foundation/darwin`)
  - truv_flutter (from `.symlinks/plugins/truv_flutter/ios`)

SPEC REPOS:
  trunk:
    - TruvSDK

EXTERNAL SOURCES:
  Flutter:
    :path: Flutter
  path_provider_foundation:
    :path: ".symlinks/plugins/path_provider_foundation/darwin"
  truv_flutter:
    :path: ".symlinks/plugins/truv_flutter/ios"

SPEC CHECKSUMS:
  Flutter: cabc95a1d2626b1b06e7179b784ebcf0c0cde467
  path_provider_foundation: bb55f6dbba17d0dccd6737fe6f7f34fbd0376880
  truv_flutter: 3844e6bb33c56a2b75c7848b14c6539163ba3ea3
  TruvSDK: 35c7604e9848de96add6402b2ccc9f2ed1080a7c

PODFILE CHECKSUM: 1efa8702e3c56755e99df3bdd633b3efc1f27133

COCOAPODS: 1.16.2
